# THIS IS AN AUTOGENERATED FILE. DO NOT EDIT THIS FILE DIRECTLY.
# yarn lockfile v1


inflected@^1.1.6:
  version "1.1.7"
  resolved "https://registry.yarnpkg.com/inflected/-/inflected-1.1.7.tgz#c393df6e28472d0d77b3082ec3aa2091f4bc96f9"
  integrity sha1-w5PfbihHLQ13swguw6ogkfS8lvk=

jsonapi-serializer@^3.6.7:
  version "3.6.7"
  resolved "https://registry.yarnpkg.com/jsonapi-serializer/-/jsonapi-serializer-3.6.7.tgz#18299122e7624d962fadaba16c320da6a7c405c0"
  integrity sha512-usScb34T6mB0QK/AxOpXTpE9iB7JW4/CMhREitzeKv9rV5CdZhdVA8F9zIc7Xz9rjbSv98vOXkuO1HRtM0paSg==
  dependencies:
    inflected "^1.1.6"
    lodash "^4.16.3"

lodash@^4.16.3:
  version "4.17.21"
  resolved "https://registry.yarnpkg.com/lodash/-/lodash-4.17.21.tgz#679591c564c3bffaae8454cf0b3df370c3d6911c"
  integrity sha512-v2kDEe57lecTulaDIuNTPy3Ry4gLGJ6Z1O3vE1krgXZNrsQ+LFTGHVxVjcXPs17LhbZVGedAJv8XZ1tvj5FvSg==
